
Microsoft Visual Studio Solution File, Format Version 12.00
# Visual Studio Version 17
VisualStudioVersion = 17.13.35806.99
MinimumVisualStudioVersion = 10.0.40219.1
Project("{FAE04EC0-301F-11D3-BF4B-00C04F79EFBC}") = "EstoqueWeb2", "EstoqueWeb2\EstoqueWeb2.csproj", "{FF01BB5A-E6A4-4204-8B41-0E8732929035}"
EndProject
Global
	GlobalSection(SolutionConfigurationPlatforms) = preSolution
		Debug|Any CPU = Debug|Any CPU
		Release|Any CPU = Release|Any CPU
	EndGlobalSection
	GlobalSection(ProjectConfigurationPlatforms) = postSolution
		{FF01BB5A-E6A4-4204-8B41-0E8732929035}.Debug|Any CPU.ActiveCfg = Debug|Any CPU
		{FF01BB5A-E6A4-4204-8B41-0E8732929035}.Debug|Any CPU.Build.0 = Debug|Any CPU
		{FF01BB5A-E6A4-4204-8B41-0E8732929035}.Release|Any CPU.ActiveCfg = Release|Any CPU
		{FF01BB5A-E6A4-4204-8B41-0E8732929035}.Release|Any CPU.Build.0 = Release|Any CPU
	EndGlobalSection
	GlobalSection(SolutionProperties) = preSolution
		HideSolutionNode = FALSE
	EndGlobalSection
	GlobalSection(ExtensibilityGlobals) = postSolution
		SolutionGuid = {4D2F41E6-CF0A-433A-8358-CC01E96A5C8F}
	EndGlobalSection
EndGlobal
